
Microsoft Visual Studio Solution File, Format Version 12.00
# Visual Studio Version 16
VisualStudioVersion = 16.0.30114.105
MinimumVisualStudioVersion = 10.0.40219.1
Project("{FAE04EC0-301F-11D3-BF4B-00C04F79EFBC}") = "Api", "Api\Api.csproj", "{878C73BA-89D2-4626-AC2A-A473B3368733}"
EndProject
Project("{FAE04EC0-301F-11D3-BF4B-00C04F79EFBC}") = "Api.Test", "Api.Test\Api.Test.csproj", "{B829B821-7B8A-4BD0-9ED0-BA4ED0DBA972}"
EndProject
Global
	GlobalSection(SolutionConfigurationPlatforms) = preSolution
		Debug|Any CPU = Debug|Any CPU
		Release|Any CPU = Release|Any CPU
	EndGlobalSection
	GlobalSection(SolutionProperties) = preSolution
		HideSolutionNode = FALSE
	EndGlobalSection
	GlobalSection(ProjectConfigurationPlatforms) = postSolution
		{878C73BA-89D2-4626-AC2A-A473B3368733}.Debug|Any CPU.ActiveCfg = Debug|Any CPU
		{878C73BA-89D2-4626-AC2A-A473B3368733}.Debug|Any CPU.Build.0 = Debug|Any CPU
		{878C73BA-89D2-4626-AC2A-A473B3368733}.Release|Any CPU.ActiveCfg = Release|Any CPU
		{878C73BA-89D2-4626-AC2A-A473B3368733}.Release|Any CPU.Build.0 = Release|Any CPU
		{B829B821-7B8A-4BD0-9ED0-BA4ED0DBA972}.Debug|Any CPU.ActiveCfg = Debug|Any CPU
		{B829B821-7B8A-4BD0-9ED0-BA4ED0DBA972}.Debug|Any CPU.Build.0 = Debug|Any CPU
		{B829B821-7B8A-4BD0-9ED0-BA4ED0DBA972}.Release|Any CPU.ActiveCfg = Release|Any CPU
		{B829B821-7B8A-4BD0-9ED0-BA4ED0DBA972}.Release|Any CPU.Build.0 = Release|Any CPU
	EndGlobalSection
EndGlobal
